// !$*UTF8*$!
{
	archiveVersion = 1;
	classes = {
	};
	objectVersion = 77;
	objects = {

/* Begin PBXBuildFile section */
		04158A462CF3A6DB00C214DA /* USDZAssets in Resources */ = {isa = PBXBuildFile; fileRef = 04158A452CF3A6DB00C214DA /* USDZAssets */; };
		04B4316A2CFD4581007EEE31 /* FocusEntity in Frameworks */ = {isa = PBXBuildFile; productRef = 04B431692CFD4581007EEE31 /* FocusEntity */; };
		04B8D5A92CF90EF4004756F2 /* info.plist in Resources */ = {isa = PBXBuildFile; fileRef = 04B8D5A82CF90EE0004756F2 /* info.plist */; };
/* End PBXBuildFile section */

/* Begin PBXContainerItemProxy section */
		04A86B532CF38B3B00A459EA /* PBXContainerItemProxy */ = {
			isa = PBXContainerItemProxy;
			containerPortal = 04A86B392CF38B3800A459EA /* Project object */;
			proxyType = 1;
			remoteGlobalIDString = 04A86B402CF38B3800A459EA;
			remoteInfo = ArCar;
		};
		04A86B5D2CF38B3B00A459EA /* PBXContainerItemProxy */ = {
			isa = PBXContainerItemProxy;
			containerPortal = 04A86B392CF38B3800A459EA /* Project object */;
			proxyType = 1;
			remoteGlobalIDString = 04A86B402CF38B3800A459EA;
			remoteInfo = ArCar;
		};
/* End PBXContainerItemProxy section */

/* Begin PBXFileReference section */
		04158A452CF3A6DB00C214DA /* USDZAssets */ = {isa = PBXFileReference; lastKnownFileType = folder; name = USDZAssets; path = ArCar/USDZAssets; sourceTree = "<group>"; };
		04A86B412CF38B3800A459EA /* ArCar.app */ = {isa = PBXFileReference; explicitFileType = wrapper.application; includeInIndex = 0; path = ArCar.app; sourceTree = BUILT_PRODUCTS_DIR; };
		04A86B522CF38B3B00A459EA /* ArCarTests.xctest */ = {isa = PBXFileReference; explicitFileType = wrapper.cfbundle; includeInIndex = 0; path = ArCarTests.xctest; sourceTree = BUILT_PRODUCTS_DIR; };
		04A86B5C2CF38B3B00A459EA /* ArCarUITests.xctest */ = {isa = PBXFileReference; explicitFileType = wrapper.cfbundle; includeInIndex = 0; path = ArCarUITests.xctest; sourceTree = BUILT_PRODUCTS_DIR; };
		04B8D5A82CF90EE0004756F2 /* info.plist */ = {isa = PBXFileReference; lastKnownFileType = text.plist.xml; path = info.plist; sourceTree = "<group>"; };
/* End PBXFileReference section */

/* Begin PBXFileSystemSynchronizedRootGroup section */
		04A86B432CF38B3800A459EA /* ArCar */ = {
			isa = PBXFileSystemSynchronizedRootGroup;
			path = ArCar;
			sourceTree = "<group>";
		};
		04A86B552CF38B3B00A459EA /* ArCarTests */ = {
			isa = PBXFileSystemSynchronizedRootGroup;
			path = ArCarTests;
			sourceTree = "<group>";
		};
		04A86B5F2CF38B3B00A459EA /* ArCarUITests */ = {
			isa = PBXFileSystemSynchronizedRootGroup;
			path = ArCarUITests;
			sourceTree = "<group>";
		};
		04A86BBB2CF39DF400A459EA /* USDZAssets */ = {
			isa = PBXFileSystemSynchronizedRootGroup;
			name = USDZAssets;
			path = ArCar/USDZAssets;
			sourceTree = "<group>";
		};
/* End PBXFileSystemSynchronizedRootGroup section */

/* Begin PBXFrameworksBuildPhase section */
		04A86B3E2CF38B3800A459EA /* Frameworks */ = {
			isa = PBXFrameworksBuildPhase;
			buildActionMask = 2147483647;
			files = (
				04B4316A2CFD4581007EEE31 /* FocusEntity in Frameworks */,
			);
			runOnlyForDeploymentPostprocessing = 0;
		};
		04A86B4F2CF38B3B00A459EA /* Frameworks */ = {
			isa = PBXFrameworksBuildPhase;
			buildActionMask = 2147483647;
			files = (
			);
			runOnlyForDeploymentPostprocessing = 0;
		};
		04A86B592CF38B3B00A459EA /* Frameworks */ = {
			isa = PBXFrameworksBuildPhase;
			buildActionMask = 2147483647;
			files = (
			);
			runOnlyForDeploymentPostprocessing = 0;
		};
/* End PBXFrameworksBuildPhase section */

/* Begin PBXGroup section */
		04A86B382CF38B3800A459EA = {
			isa = PBXGroup;
			children = (
				04B8D5A82CF90EE0004756F2 /* info.plist */,
				04A86BBB2CF39DF400A459EA /* USDZAssets */,
				04158A452CF3A6DB00C214DA /* USDZAssets */,
				04A86B432CF38B3800A459EA /* ArCar */,
				04A86B552CF38B3B00A459EA /* ArCarTests */,
				04A86B5F2CF38B3B00A459EA /* ArCarUITests */,
				04B431682CFD4581007EEE31 /* Frameworks */,
				04A86B422CF38B3800A459EA /* Products */,
			);
			sourceTree = "<group>";
		};
		04A86B422CF38B3800A459EA /* Products */ = {
			isa = PBXGroup;
			children = (
				04A86B412CF38B3800A459EA /* ArCar.app */,
				04A86B522CF38B3B00A459EA /* ArCarTests.xctest */,
				04A86B5C2CF38B3B00A459EA /* ArCarUITests.xctest */,
			);
			name = Products;
			sourceTree = "<group>";
		};
		04B431682CFD4581007EEE31 /* Frameworks */ = {
			isa = PBXGroup;
			children = (
			);
			name = Frameworks;
			sourceTree = "<group>";
		};
/* End PBXGroup section */

/* Begin PBXNativeTarget section */
		04A86B402CF38B3800A459EA /* ArCar */ = {
			isa = PBXNativeTarget;
			buildConfigurationList = 04A86B662CF38B3B00A459EA /* Build configuration list for PBXNativeTarget "ArCar" */;
			buildPhases = (
				04A86B3D2CF38B3800A459EA /* Sources */,
				04A86B3E2CF38B3800A459EA /* Frameworks */,
				04A86B3F2CF38B3800A459EA /* Resources */,
			);
			buildRules = (
			);
			dependencies = (
			);
			fileSystemSynchronizedGroups = (
				04A86B432CF38B3800A459EA /* ArCar */,
				04A86BBB2CF39DF400A459EA /* USDZAssets */,
			);
			name = ArCar;
			packageProductDependencies = (
				04B431692CFD4581007EEE31 /* FocusEntity */,
			);
			productName = ArCar;
			productReference = 04A86B412CF38B3800A459EA /* ArCar.app */;
			productType = "com.apple.product-type.application";
		};
		04A86B512CF38B3B00A459EA /* ArCarTests */ = {
			isa = PBXNativeTarget;
			buildConfigurationList = 04A86B692CF38B3B00A459EA /* Build configuration list for PBXNativeTarget "ArCarTests" */;
			buildPhases = (
				04A86B4E2CF38B3B00A459EA /* Sources */,
				04A86B4F2CF38B3B00A459EA /* Frameworks */,
				04A86B502CF38B3B00A459EA /* Resources */,
			);
			buildRules = (
			);
			dependencies = (
				04A86B542CF38B3B00A459EA /* PBXTargetDependency */,
			);
			fileSystemSynchronizedGroups = (
				04A86B552CF38B3B00A459EA /* ArCarTests */,
			);
			name = ArCarTests;
			packageProductDependencies = (
			);
			productName = ArCarTests;
			productReference = 04A86B522CF38B3B00A459EA /* ArCarTests.xctest */;
			productType = "com.apple.product-type.bundle.unit-test";
		};
		04A86B5B2CF38B3B00A459EA /* ArCarUITests */ = {
			isa = PBXNativeTarget;
			buildConfigurationList = 04A86B6C2CF38B3B00A459EA /* Build configuration list for PBXNativeTarget "ArCarUITests" */;
			buildPhases = (
				04A86B582CF38B3B00A459EA /* Sources */,
				04A86B592CF38B3B00A459EA /* Frameworks */,
				04A86B5A2CF38B3B00A459EA /* Resources */,
			);
			buildRules = (
			);
			dependencies = (
				04A86B5E2CF38B3B00A459EA /* PBXTargetDependency */,
			);
			fileSystemSynchronizedGroups = (
				04A86B5F2CF38B3B00A459EA /* ArCarUITests */,
			);
			name = ArCarUITests;
			packageProductDependencies = (
			);
			productName = ArCarUITests;
			productReference = 04A86B5C2CF38B3B00A459EA /* ArCarUITests.xctest */;
			productType = "com.apple.product-type.bundle.ui-testing";
		};
/* End PBXNativeTarget section */

/* Begin PBXProject section */
		04A86B392CF38B3800A459EA /* Project object */ = {
			isa = PBXProject;
			attributes = {
				BuildIndependentTargetsInParallel = 1;
				LastSwiftUpdateCheck = 1610;
				LastUpgradeCheck = 1610;
				TargetAttributes = {
					04A86B402CF38B3800A459EA = {
						CreatedOnToolsVersion = 16.1;
					};
					04A86B512CF38B3B00A459EA = {
						CreatedOnToolsVersion = 16.1;
						TestTargetID = 04A86B402CF38B3800A459EA;
					};
					04A86B5B2CF38B3B00A459EA = {
						CreatedOnToolsVersion = 16.1;
						TestTargetID = 04A86B402CF38B3800A459EA;
					};
				};
			};
			buildConfigurationList = 04A86B3C2CF38B3800A459EA /* Build configuration list for PBXProject "ArCar" */;
			developmentRegion = en;
			hasScannedForEncodings = 0;
			knownRegions = (
				en,
				Base,
			);
			mainGroup = 04A86B382CF38B3800A459EA;
			minimizedProjectReferenceProxies = 1;
			packageReferences = (
				04B431672CFD4042007EEE31 /* XCRemoteSwiftPackageReference "FocusEntity" */,
			);
			preferredProjectObjectVersion = 77;
			productRefGroup = 04A86B422CF38B3800A459EA /* Products */;
			projectDirPath = "";
			projectRoot = "";
			targets = (
				04A86B402CF38B3800A459EA /* ArCar */,
				04A86B512CF38B3B00A459EA /* ArCarTests */,
				04A86B5B2CF38B3B00A459EA /* ArCarUITests */,
			);
		};
/* End PBXProject section */

/* Begin PBXResourcesBuildPhase section */
		04A86B3F2CF38B3800A459EA /* Resources */ = {
			isa = PBXResourcesBuildPhase;
			buildActionMask = 2147483647;
			files = (
				04B8D5A92CF90EF4004756F2 /* info.plist in Resources */,
				04158A462CF3A6DB00C214DA /* USDZAssets in Resources */,
			);
			runOnlyForDeploymentPostprocessing = 0;
		};
		04A86B502CF38B3B00A459EA /* Resources */ = {
			isa = PBXResourcesBuildPhase;
			buildActionMask = 2147483647;
			files = (
			);
			runOnlyForDeploymentPostprocessing = 0;
		};
		04A86B5A2CF38B3B00A459EA /* Resources */ = {
			isa = PBXResourcesBuildPhase;
			buildActionMask = 2147483647;
			files = (
			);
			runOnlyForDeploymentPostprocessing = 0;
		};
/* End PBXResourcesBuildPhase section */

/* Begin PBXSourcesBuildPhase section */
		04A86B3D2CF38B3800A459EA /* Sources */ = {
			isa = PBXSourcesBuildPhase;
			buildActionMask = 2147483647;
			files = (
			);
			runOnlyForDeploymentPostprocessing = 0;
		};
		04A86B4E2CF38B3B00A459EA /* Sources */ = {
			isa = PBXSourcesBuildPhase;
			buildActionMask = 2147483647;
			files = (
			);
			runOnlyForDeploymentPostprocessing = 0;
		};
		04A86B582CF38B3B00A459EA /* Sources */ = {
			isa = PBXSourcesBuildPhase;
			buildActionMask = 2147483647;
			files = (
			);
			runOnlyForDeploymentPostprocessing = 0;
		};
/* End PBXSourcesBuildPhase section */

/* Begin PBXTargetDependency section */
		04A86B542CF38B3B00A459EA /* PBXTargetDependency */ = {
			isa = PBXTargetDependency;
			target = 04A86B402CF38B3800A459EA /* ArCar */;
			targetProxy = 04A86B532CF38B3B00A459EA /* PBXContainerItemProxy */;
		};
		04A86B5E2CF38B3B00A459EA /* PBXTargetDependency */ = {
			isa = PBXTargetDependency;
			target = 04A86B402CF38B3800A459EA /* ArCar */;
			targetProxy = 04A86B5D2CF38B3B00A459EA /* PBXContainerItemProxy */;
		};
/* End PBXTargetDependency section */

/* Begin XCBuildConfiguration section */
		04A86B642CF38B3B00A459EA /* Debug */ = {
			isa = XCBuildConfiguration;
			buildSettings = {
				ALWAYS_SEARCH_USER_PATHS = NO;
				ASSETCATALOG_COMPILER_GENERATE_SWIFT_ASSET_SYMBOL_EXTENSIONS = YES;
				CLANG_ANALYZER_NONNULL = YES;
				CLANG_ANALYZER_NUMBER_OBJECT_CONVERSION = YES_AGGRESSIVE;
				CLANG_CXX_LANGUAGE_STANDARD = "gnu++20";
				CLANG_ENABLE_MODULES = YES;
				CLANG_ENABLE_OBJC_ARC = YES;
				CLANG_ENABLE_OBJC_WEAK = YES;
				CLANG_WARN_BLOCK_CAPTURE_AUTORELEASING = YES;
				CLANG_WARN_BOOL_CONVERSION = YES;
				CLANG_WARN_COMMA = YES;
				CLANG_WARN_CONSTANT_CONVERSION = YES;
				CLANG_WARN_DEPRECATED_OBJC_IMPLEMENTATIONS = YES;
				CLANG_WARN_DIRECT_OBJC_ISA_USAGE = YES_ERROR;
				CLANG_WARN_DOCUMENTATION_COMMENTS = YES;
				CLANG_WARN_EMPTY_BODY = YES;
				CLANG_WARN_ENUM_CONVERSION = YES;
				CLANG_WARN_INFINITE_RECURSION = YES;
				CLANG_WARN_INT_CONVERSION = YES;
				CLANG_WARN_NON_LITERAL_NULL_CONVERSION = YES;
				CLANG_WARN_OBJC_IMPLICIT_RETAIN_SELF = YES;
				CLANG_WARN_OBJC_LITERAL_CONVERSION = YES;
				CLANG_WARN_OBJC_ROOT_CLASS = YES_ERROR;
				CLANG_WARN_QUOTED_INCLUDE_IN_FRAMEWORK_HEADER = YES;
				CLANG_WARN_RANGE_LOOP_ANALYSIS = YES;
				CLANG_WARN_STRICT_PROTOTYPES = YES;
				CLANG_WARN_SUSPICIOUS_MOVE = YES;
				CLANG_WARN_UNGUARDED_AVAILABILITY = YES_AGGRESSIVE;
				CLANG_WARN_UNREACHABLE_CODE = YES;
				CLANG_WARN__DUPLICATE_METHOD_MATCH = YES;
				COPY_PHASE_STRIP = NO;
				DEBUG_INFORMATION_FORMAT = dwarf;
				ENABLE_STRICT_OBJC_MSGSEND = YES;
				ENABLE_TESTABILITY = YES;
				ENABLE_USER_SCRIPT_SANDBOXING = YES;
				GCC_C_LANGUAGE_STANDARD = gnu17;
				GCC_DYNAMIC_NO_PIC = NO;
				GCC_NO_COMMON_BLOCKS = YES;
				GCC_OPTIMIZATION_LEVEL = 0;
				GCC_PREPROCESSOR_DEFINITIONS = (
					"DEBUG=1",
					"$(inherited)",
				);
				GCC_WARN_64_TO_32_BIT_CONVERSION = YES;
				GCC_WARN_ABOUT_RETURN_TYPE = YES_ERROR;
				GCC_WARN_UNDECLARED_SELECTOR = YES;
				GCC_WARN_UNINITIALIZED_AUTOS = YES_AGGRESSIVE;
				GCC_WARN_UNUSED_FUNCTION = YES;
				GCC_WARN_UNUSED_VARIABLE = YES;
				LOCALIZATION_PREFERS_STRING_CATALOGS = YES;
				MTL_ENABLE_DEBUG_INFO = INCLUDE_SOURCE;
				MTL_FAST_MATH = YES;
				ONLY_ACTIVE_ARCH = YES;
				SWIFT_ACTIVE_COMPILATION_CONDITIONS = "DEBUG $(inherited)";
				SWIFT_OPTIMIZATION_LEVEL = "-Onone";
			};
			name = Debug;
		};
		04A86B652CF38B3B00A459EA /* Release */ = {
			isa = XCBuildConfiguration;
			buildSettings = {
				ALWAYS_SEARCH_USER_PATHS = NO;
				ASSETCATALOG_COMPILER_GENERATE_SWIFT_ASSET_SYMBOL_EXTENSIONS = YES;
				CLANG_ANALYZER_NONNULL = YES;
				CLANG_ANALYZER_NUMBER_OBJECT_CONVERSION = YES_AGGRESSIVE;
				CLANG_CXX_LANGUAGE_STANDARD = "gnu++20";
				CLANG_ENABLE_MODULES = YES;
				CLANG_ENABLE_OBJC_ARC = YES;
				CLANG_ENABLE_OBJC_WEAK = YES;
				CLANG_WARN_BLOCK_CAPTURE_AUTORELEASING = YES;
				CLANG_WARN_BOOL_CONVERSION = YES;
				CLANG_WARN_COMMA = YES;
				CLANG_WARN_CONSTANT_CONVERSION = YES;
				CLANG_WARN_DEPRECATED_OBJC_IMPLEMENTATIONS = YES;
				CLANG_WARN_DIRECT_OBJC_ISA_USAGE = YES_ERROR;
				CLANG_WARN_DOCUMENTATION_COMMENTS = YES;
				CLANG_WARN_EMPTY_BODY = YES;
				CLANG_WARN_ENUM_CONVERSION = YES;
				CLANG_WARN_INFINITE_RECURSION = YES;
				CLANG_WARN_INT_CONVERSION = YES;
				CLANG_WARN_NON_LITERAL_NULL_CONVERSION = YES;
				CLANG_WARN_OBJC_IMPLICIT_RETAIN_SELF = YES;
				CLANG_WARN_OBJC_LITERAL_CONVERSION = YES;
				CLANG_WARN_OBJC_ROOT_CLASS = YES_ERROR;
				CLANG_WARN_QUOTED_INCLUDE_IN_FRAMEWORK_HEADER = YES;
				CLANG_WARN_RANGE_LOOP_ANALYSIS = YES;
				CLANG_WARN_STRICT_PROTOTYPES = YES;
				CLANG_WARN_SUSPICIOUS_MOVE = YES;
				CLANG_WARN_UNGUARDED_AVAILABILITY = YES_AGGRESSIVE;
				CLANG_WARN_UNREACHABLE_CODE = YES;
				CLANG_WARN__DUPLICATE_METHOD_MATCH = YES;
				COPY_PHASE_STRIP = NO;
				DEBUG_INFORMATION_FORMAT = "dwarf-with-dsym";
				ENABLE_NS_ASSERTIONS = NO;
				ENABLE_STRICT_OBJC_MSGSEND = YES;
				ENABLE_USER_SCRIPT_SANDBOXING = YES;
				GCC_C_LANGUAGE_STANDARD = gnu17;
				GCC_NO_COMMON_BLOCKS = YES;
				GCC_WARN_64_TO_32_BIT_CONVERSION = YES;
				GCC_WARN_ABOUT_RETURN_TYPE = YES_ERROR;
				GCC_WARN_UNDECLARED_SELECTOR = YES;
				GCC_WARN_UNINITIALIZED_AUTOS = YES_AGGRESSIVE;
				GCC_WARN_UNUSED_FUNCTION = YES;
				GCC_WARN_UNUSED_VARIABLE = YES;
				LOCALIZATION_PREFERS_STRING_CATALOGS = YES;
				MTL_ENABLE_DEBUG_INFO = NO;
				MTL_FAST_MATH = YES;
				SWIFT_COMPILATION_MODE = wholemodule;
			};
			name = Release;
		};
		04A86B672CF38B3B00A459EA /* Debug */ = {
			isa = XCBuildConfiguration;
			buildSettings = {
				ASSETCATALOG_COMPILER_APPICON_NAME = AppIcon;
				ASSETCATALOG_COMPILER_GLOBAL_ACCENT_COLOR_NAME = AccentColor;
				CODE_SIGN_ENTITLEMENTS = ArCar/ArCar.entitlements;
				CODE_SIGN_STYLE = Automatic;
				CURRENT_PROJECT_VERSION = 1;
				DEVELOPMENT_ASSET_PATHS = "\"ArCar/Preview Content\"";
				DEVELOPMENT_TEAM = H479VW7L9Q;
				ENABLE_HARDENED_RUNTIME = YES;
				ENABLE_PREVIEWS = YES;
				GENERATE_INFOPLIST_FILE = YES;
				"INFOPLIST_FILE[sdk=*]" = info.plist;
				INFOPLIST_KEY_NSCameraUsageDescription = "This app requires camera access to display augmented reality content.";
				INFOPLIST_KEY_UIApplicationSceneManifest_Generation = YES;
				"INFOPLIST_KEY_UIApplicationSceneManifest_Generation[sdk=iphoneos*]" = YES;
				"INFOPLIST_KEY_UIApplicationSceneManifest_Generation[sdk=iphonesimulator*]" = YES;
				INFOPLIST_KEY_UIApplicationSupportsIndirectInputEvents = YES;
				"INFOPLIST_KEY_UIApplicationSupportsIndirectInputEvents[sdk=iphoneos*]" = YES;
				"INFOPLIST_KEY_UIApplicationSupportsIndirectInputEvents[sdk=iphonesimulator*]" = YES;
				INFOPLIST_KEY_UILaunchScreen_Generation = YES;
				"INFOPLIST_KEY_UILaunchScreen_Generation[sdk=iphoneos*]" = YES;
				"INFOPLIST_KEY_UILaunchScreen_Generation[sdk=iphonesimulator*]" = YES;
				INFOPLIST_KEY_UILaunchStoryboardName = LaunchScreen;
				INFOPLIST_KEY_UIMainStoryboardFile = Main;
				INFOPLIST_KEY_UIRequiredDeviceCapabilities = "armv7 arkit";
				INFOPLIST_KEY_UIStatusBarHidden = YES;
				"INFOPLIST_KEY_UIStatusBarStyle[sdk=iphoneos*]" = UIStatusBarStyleDefault;
				"INFOPLIST_KEY_UIStatusBarStyle[sdk=iphonesimulator*]" = UIStatusBarStyleDefault;
				INFOPLIST_KEY_UISupportedInterfaceOrientations = "UIInterfaceOrientationPortrait UIInterfaceOrientationLandscapeLeft UIInterfaceOrientationLandscapeRight";
				INFOPLIST_KEY_UISupportedInterfaceOrientations_iPad = "UIInterfaceOrientationPortrait UIInterfaceOrientationPortraitUpsideDown UIInterfaceOrientationLandscapeLeft UIInterfaceOrientationLandscapeRight";
				INFOPLIST_KEY_UISupportedInterfaceOrientations_iPhone = "UIInterfaceOrientationPortrait UIInterfaceOrientationLandscapeLeft UIInterfaceOrientationLandscapeRight";
				IPHONEOS_DEPLOYMENT_TARGET = 18.0;
				LD_RUNPATH_SEARCH_PATHS = "@executable_path/Frameworks";
				"LD_RUNPATH_SEARCH_PATHS[sdk=macosx*]" = "@executable_path/../Frameworks";
				MACOSX_DEPLOYMENT_TARGET = 14.7;
				MARKETING_VERSION = 1.0;
				PRODUCT_BUNDLE_IDENTIFIER = org.ARpeople.ArCar;
				PRODUCT_NAME = "$(TARGET_NAME)";
				SDKROOT = auto;
				SUPPORTED_PLATFORMS = "iphonesimulator iphoneos";
				SUPPORTS_MACCATALYST = NO;
				SWIFT_EMIT_LOC_STRINGS = YES;
				SWIFT_VERSION = 5.0;
				TARGETED_DEVICE_FAMILY = "1,2,7";
				XROS_DEPLOYMENT_TARGET = 2.1;
			};
			name = Debug;
		};
		04A86B682CF38B3B00A459EA /* Release */ = {
			isa = XCBuildConfiguration;
			buildSettings = {
				ASSETCATALOG_COMPILER_APPICON_NAME = AppIcon;
				ASSETCATALOG_COMPILER_GLOBAL_ACCENT_COLOR_NAME = AccentColor;
				CODE_SIGN_ENTITLEMENTS = ArCar/ArCar.entitlements;
				CODE_SIGN_STYLE = Automatic;
				CURRENT_PROJECT_VERSION = 1;
				DEVELOPMENT_ASSET_PATHS = "\"ArCar/Preview Content\"";
				DEVELOPMENT_TEAM = H479VW7L9Q;
				ENABLE_HARDENED_RUNTIME = YES;
				ENABLE_PREVIEWS = YES;
				GENERATE_INFOPLIST_FILE = YES;
				INFOPLIST_FILE = info.plist;
				INFOPLIST_KEY_NSCameraUsageDescription = "This app requires camera access to display augmented reality content.";
				INFOPLIST_KEY_UIApplicationSceneManifest_Generation = YES;
				"INFOPLIST_KEY_UIApplicationSceneManifest_Generation[sdk=iphoneos*]" = YES;
				"INFOPLIST_KEY_UIApplicationSceneManifest_Generation[sdk=iphonesimulator*]" = YES;
				INFOPLIST_KEY_UIApplicationSupportsIndirectInputEvents = YES;
				"INFOPLIST_KEY_UIApplicationSupportsIndirectInputEvents[sdk=iphoneos*]" = YES;
				"INFOPLIST_KEY_UIApplicationSupportsIndirectInputEvents[sdk=iphonesimulator*]" = YES;
				INFOPLIST_KEY_UILaunchScreen_Generation = YES;
				"INFOPLIST_KEY_UILaunchScreen_Generation[sdk=iphoneos*]" = YES;
				"INFOPLIST_KEY_UILaunchScreen_Generation[sdk=iphonesimulator*]" = YES;
				INFOPLIST_KEY_UILaunchStoryboardName = LaunchScreen;
				INFOPLIST_KEY_UIMainStoryboardFile = Main;
				INFOPLIST_KEY_UIRequiredDeviceCapabilities = "armv7 arkit";
				INFOPLIST_KEY_UIStatusBarHidden = YES;
				"INFOPLIST_KEY_UIStatusBarStyle[sdk=iphoneos*]" = UIStatusBarStyleDefault;
				"INFOPLIST_KEY_UIStatusBarStyle[sdk=iphonesimulator*]" = UIStatusBarStyleDefault;
				INFOPLIST_KEY_UISupportedInterfaceOrientations = "UIInterfaceOrientationPortrait UIInterfaceOrientationLandscapeLeft UIInterfaceOrientationLandscapeRight";
				INFOPLIST_KEY_UISupportedInterfaceOrientations_iPad = "UIInterfaceOrientationPortrait UIInterfaceOrientationPortraitUpsideDown UIInterfaceOrientationLandscapeLeft UIInterfaceOrientationLandscapeRight";
				INFOPLIST_KEY_UISupportedInterfaceOrientations_iPhone = "UIInterfaceOrientationPortrait UIInterfaceOrientationLandscapeLeft UIInterfaceOrientationLandscapeRight";
				IPHONEOS_DEPLOYMENT_TARGET = 18.0;
				LD_RUNPATH_SEARCH_PATHS = "@executable_path/Frameworks";
				"LD_RUNPATH_SEARCH_PATHS[sdk=macosx*]" = "@executable_path/../Frameworks";
				MACOSX_DEPLOYMENT_TARGET = 14.7;
				MARKETING_VERSION = 1.0;
				PRODUCT_BUNDLE_IDENTIFIER = org.ARpeople.ArCar;
				PRODUCT_NAME = "$(TARGET_NAME)";
				SDKROOT = auto;
				SUPPORTED_PLATFORMS = "iphonesimulator iphoneos";
				SUPPORTS_MACCATALYST = NO;
				SWIFT_EMIT_LOC_STRINGS = YES;
				SWIFT_VERSION = 5.0;
				TARGETED_DEVICE_FAMILY = "1,2,7";
				XROS_DEPLOYMENT_TARGET = 2.1;
			};
			name = Release;
		};
		04A86B6A2CF38B3B00A459EA /* Debug */ = {
			isa = XCBuildConfiguration;
			buildSettings = {
				BUNDLE_LOADER = "$(TEST_HOST)";
				CODE_SIGN_STYLE = Automatic;
				CURRENT_PROJECT_VERSION = 1;
				DEVELOPMENT_TEAM = H479VW7L9Q;
				GENERATE_INFOPLIST_FILE = YES;
				IPHONEOS_DEPLOYMENT_TARGET = 18.1;
				MACOSX_DEPLOYMENT_TARGET = 14.7;
				MARKETING_VERSION = 1.0;
				PRODUCT_BUNDLE_IDENTIFIER = org.ARpeople.ArCarTests;
				PRODUCT_NAME = "$(TARGET_NAME)";
				SDKROOT = auto;
				SUPPORTED_PLATFORMS = "iphoneos iphonesimulator macosx xros xrsimulator";
				SWIFT_EMIT_LOC_STRINGS = NO;
				SWIFT_VERSION = 5.0;
				TARGETED_DEVICE_FAMILY = "1,2,7";
				TEST_HOST = "$(BUILT_PRODUCTS_DIR)/ArCar.app/$(BUNDLE_EXECUTABLE_FOLDER_PATH)/ArCar";
				XROS_DEPLOYMENT_TARGET = 2.1;
			};
			name = Debug;
		};
		04A86B6B2CF38B3B00A459EA /* Release */ = {
			isa = XCBuildConfiguration;
			buildSettings = {
				BUNDLE_LOADER = "$(TEST_HOST)";
				CODE_SIGN_STYLE = Automatic;
				CURRENT_PROJECT_VERSION = 1;
				DEVELOPMENT_TEAM = H479VW7L9Q;
				GENERATE_INFOPLIST_FILE = YES;
				IPHONEOS_DEPLOYMENT_TARGET = 18.1;
				MACOSX_DEPLOYMENT_TARGET = 14.7;
				MARKETING_VERSION = 1.0;
				PRODUCT_BUNDLE_IDENTIFIER = org.ARpeople.ArCarTests;
				PRODUCT_NAME = "$(TARGET_NAME)";
				SDKROOT = auto;
				SUPPORTED_PLATFORMS = "iphoneos iphonesimulator macosx xros xrsimulator";
				SWIFT_EMIT_LOC_STRINGS = NO;
				SWIFT_VERSION = 5.0;
				TARGETED_DEVICE_FAMILY = "1,2,7";
				TEST_HOST = "$(BUILT_PRODUCTS_DIR)/ArCar.app/$(BUNDLE_EXECUTABLE_FOLDER_PATH)/ArCar";
				XROS_DEPLOYMENT_TARGET = 2.1;
			};
			name = Release;
		};
		04A86B6D2CF38B3B00A459EA /* Debug */ = {
			isa = XCBuildConfiguration;
			buildSettings = {
				CODE_SIGN_STYLE = Automatic;
				CURRENT_PROJECT_VERSION = 1;
				DEVELOPMENT_TEAM = H479VW7L9Q;
				GENERATE_INFOPLIST_FILE = YES;
				IPHONEOS_DEPLOYMENT_TARGET = 18.1;
				MACOSX_DEPLOYMENT_TARGET = 14.7;
				MARKETING_VERSION = 1.0;
				PRODUCT_BUNDLE_IDENTIFIER = org.ARpeople.ArCarUITests;
				PRODUCT_NAME = "$(TARGET_NAME)";
				SDKROOT = auto;
				SUPPORTED_PLATFORMS = "iphoneos iphonesimulator macosx xros xrsimulator";
				SWIFT_EMIT_LOC_STRINGS = NO;
				SWIFT_VERSION = 5.0;
				TARGETED_DEVICE_FAMILY = "1,2,7";
				TEST_TARGET_NAME = ArCar;
				XROS_DEPLOYMENT_TARGET = 2.1;
			};
			name = Debug;
		};
		04A86B6E2CF38B3B00A459EA /* Release */ = {
			isa = XCBuildConfiguration;
			buildSettings = {
				CODE_SIGN_STYLE = Automatic;
				CURRENT_PROJECT_VERSION = 1;
				DEVELOPMENT_TEAM = H479VW7L9Q;
				GENERATE_INFOPLIST_FILE = YES;
				IPHONEOS_DEPLOYMENT_TARGET = 18.1;
				MACOSX_DEPLOYMENT_TARGET = 14.7;
				MARKETING_VERSION = 1.0;
				PRODUCT_BUNDLE_IDENTIFIER = org.ARpeople.ArCarUITests;
				PRODUCT_NAME = "$(TARGET_NAME)";
				SDKROOT = auto;
				SUPPORTED_PLATFORMS = "iphoneos iphonesimulator macosx xros xrsimulator";
				SWIFT_EMIT_LOC_STRINGS = NO;
				SWIFT_VERSION = 5.0;
				TARGETED_DEVICE_FAMILY = "1,2,7";
				TEST_TARGET_NAME = ArCar;
				XROS_DEPLOYMENT_TARGET = 2.1;
			};
			name = Release;
		};
/* End XCBuildConfiguration section */

/* Begin XCConfigurationList section */
		04A86B3C2CF38B3800A459EA /* Build configuration list for PBXProject "ArCar" */ = {
			isa = XCConfigurationList;
			buildConfigurations = (
				04A86B642CF38B3B00A459EA /* Debug */,
				04A86B652CF38B3B00A459EA /* Release */,
			);
			defaultConfigurationIsVisible = 0;
			defaultConfigurationName = Release;
		};
		04A86B662CF38B3B00A459EA /* Build configuration list for PBXNativeTarget "ArCar" */ = {
			isa = XCConfigurationList;
			buildConfigurations = (
				04A86B672CF38B3B00A459EA /* Debug */,
				04A86B682CF38B3B00A459EA /* Release */,
			);
			defaultConfigurationIsVisible = 0;
			defaultConfigurationName = Release;
		};
		04A86B692CF38B3B00A459EA /* Build configuration list for PBXNativeTarget "ArCarTests" */ = {
			isa = XCConfigurationList;
			buildConfigurations = (
				04A86B6A2CF38B3B00A459EA /* Debug */,
				04A86B6B2CF38B3B00A459EA /* Release */,
			);
			defaultConfigurationIsVisible = 0;
			defaultConfigurationName = Release;
		};
		04A86B6C2CF38B3B00A459EA /* Build configuration list for PBXNativeTarget "ArCarUITests" */ = {
			isa = XCConfigurationList;
			buildConfigurations = (
				04A86B6D2CF38B3B00A459EA /* Debug */,
				04A86B6E2CF38B3B00A459EA /* Release */,
			);
			defaultConfigurationIsVisible = 0;
			defaultConfigurationName = Release;
		};
/* End XCConfigurationList section */

/* Begin XCRemoteSwiftPackageReference section */
		04B431672CFD4042007EEE31 /* XCRemoteSwiftPackageReference "FocusEntity" */ = {
			isa = XCRemoteSwiftPackageReference;
			repositoryURL = "https://github.com/maxxfrazer/FocusEntity";
			requirement = {
				kind = upToNextMajorVersion;
				minimumVersion = 2.5.1;
			};
		};
/* End XCRemoteSwiftPackageReference section */

/* Begin XCSwiftPackageProductDependency section */
		04B431692CFD4581007EEE31 /* FocusEntity */ = {
			isa = XCSwiftPackageProductDependency;
			package = 04B431672CFD4042007EEE31 /* XCRemoteSwiftPackageReference "FocusEntity" */;
			productName = FocusEntity;
		};
/* End XCSwiftPackageProductDependency section */
	};
	rootObject = 04A86B392CF38B3800A459EA /* Project object */;
}
